
Microsoft Visual Studio Solution File, Format Version 12.00
# Visual Studio Version 17
VisualStudioVersion = 17.12.35514.174
MinimumVisualStudioVersion = 10.0.40219.1
Project("{FAE04EC0-301F-11D3-BF4B-00C04F79EFBC}") = "CSV-File-Handling-Exercise", "CSV-File-Handling-Exercise\CSV-File-Handling-Exercise.csproj", "{A1C02F50-C35D-4724-AAF5-944C08A48109}"
EndProject
Project("{FAE04EC0-301F-11D3-BF4B-00C04F79EFBC}") = "File-And-Folder-Handling-Exercise", "File-And-Folder-Handling-Exercise\File-And-Folder-Handling-Exercise.csproj", "{853CE076-DC17-4BE0-8AA0-638D20C63AFA}"
EndProject
Project("{FAE04EC0-301F-11D3-BF4B-00C04F79EFBC}") = "TXT-File-Handling-Exercise", "TXT-File-Handling-Exercise\TXT-File-Handling-Exercise.csproj", "{A64D2390-8915-40DD-87A7-00DB57968DF0}"
EndProject
Project("{FAE04EC0-301F-11D3-BF4B-00C04F79EFBC}") = "AISD_Projekt1", "Algoruthms-and-Data-Structures-University\AISD_Projekt1\AISD_Projekt1.csproj", "{4BF09BB4-7EB2-4884-8318-4D7155474357}"
EndProject
Project("{FAE04EC0-301F-11D3-BF4B-00C04F79EFBC}") = "AISD_Projekt2", "Algoruthms-and-Data-Structures-University\AISD_Projekt2\AISD_Projekt2.csproj", "{41E241A8-07AC-4AF4-A637-6883FA62965E}"
EndProject
Project("{FAE04EC0-301F-11D3-BF4B-00C04F79EFBC}") = "AISD_Projekt3", "Algoruthms-and-Data-Structures-University\AISD_Projekt3\AISD_Projekt3.csproj", "{D6BFFC97-4B29-403A-A094-60492BE461A3}"
EndProject
Project("{FAE04EC0-301F-11D3-BF4B-00C04F79EFBC}") = "AISD_extra_Dijkstra", "Algoruthms-and-Data-Structures-University\AISD_extra_Dijkstra\AISD_extra_Dijkstra.csproj", "{C884EF15-8388-423E-89F7-F606966FF476}"
EndProject
Project("{FAE04EC0-301F-11D3-BF4B-00C04F79EFBC}") = "Exercise1_University_PL", "Csharp-Course-University\Exercise1_University_PL\Exercise1_University_PL.csproj", "{820B16B3-5ED1-4C53-AB93-478985907293}"
EndProject
Project("{FAE04EC0-301F-11D3-BF4B-00C04F79EFBC}") = "Exercise2_University_PL", "Csharp-Course-University\Exercise2_University_PL\Exercise2_University_PL.csproj", "{AD7EFD10-396E-428A-AA0F-A9EAB32DD919}"
EndProject
Project("{FAE04EC0-301F-11D3-BF4B-00C04F79EFBC}") = "Exercise3_University_PL", "Csharp-Course-University\Exercise3_University_PL\Exercise3_University_PL.csproj", "{E41F84AD-57C3-4E23-A250-E1FD9C47C3E3}"
EndProject
Project("{FAE04EC0-301F-11D3-BF4B-00C04F79EFBC}") = "Exercise4_University_PL", "Csharp-Course-University\Exercise4_University_PL\Exercise4_University_PL.csproj", "{CD230CF6-A7A0-4BC5-A421-409A2FDC167C}"
EndProject
Global
	GlobalSection(SolutionConfigurationPlatforms) = preSolution
		Debug|Any CPU = Debug|Any CPU
		Release|Any CPU = Release|Any CPU
	EndGlobalSection
	GlobalSection(ProjectConfigurationPlatforms) = postSolution
		{A1C02F50-C35D-4724-AAF5-944C08A48109}.Debug|Any CPU.ActiveCfg = Debug|Any CPU
		{A1C02F50-C35D-4724-AAF5-944C08A48109}.Debug|Any CPU.Build.0 = Debug|Any CPU
		{A1C02F50-C35D-4724-AAF5-944C08A48109}.Release|Any CPU.ActiveCfg = Release|Any CPU
		{A1C02F50-C35D-4724-AAF5-944C08A48109}.Release|Any CPU.Build.0 = Release|Any CPU
		{853CE076-DC17-4BE0-8AA0-638D20C63AFA}.Debug|Any CPU.ActiveCfg = Debug|Any CPU
		{853CE076-DC17-4BE0-8AA0-638D20C63AFA}.Debug|Any CPU.Build.0 = Debug|Any CPU
		{853CE076-DC17-4BE0-8AA0-638D20C63AFA}.Release|Any CPU.ActiveCfg = Release|Any CPU
		{853CE076-DC17-4BE0-8AA0-638D20C63AFA}.Release|Any CPU.Build.0 = Release|Any CPU
		{A64D2390-8915-40DD-87A7-00DB57968DF0}.Debug|Any CPU.ActiveCfg = Debug|Any CPU
		{A64D2390-8915-40DD-87A7-00DB57968DF0}.Debug|Any CPU.Build.0 = Debug|Any CPU
		{A64D2390-8915-40DD-87A7-00DB57968DF0}.Release|Any CPU.ActiveCfg = Release|Any CPU
		{A64D2390-8915-40DD-87A7-00DB57968DF0}.Release|Any CPU.Build.0 = Release|Any CPU
		{4BF09BB4-7EB2-4884-8318-4D7155474357}.Debug|Any CPU.ActiveCfg = Debug|Any CPU
		{4BF09BB4-7EB2-4884-8318-4D7155474357}.Debug|Any CPU.Build.0 = Debug|Any CPU
		{4BF09BB4-7EB2-4884-8318-4D7155474357}.Release|Any CPU.ActiveCfg = Release|Any CPU
		{4BF09BB4-7EB2-4884-8318-4D7155474357}.Release|Any CPU.Build.0 = Release|Any CPU
		{41E241A8-07AC-4AF4-A637-6883FA62965E}.Debug|Any CPU.ActiveCfg = Debug|Any CPU
		{41E241A8-07AC-4AF4-A637-6883FA62965E}.Debug|Any CPU.Build.0 = Debug|Any CPU
		{41E241A8-07AC-4AF4-A637-6883FA62965E}.Release|Any CPU.ActiveCfg = Release|Any CPU
		{41E241A8-07AC-4AF4-A637-6883FA62965E}.Release|Any CPU.Build.0 = Release|Any CPU
		{D6BFFC97-4B29-403A-A094-60492BE461A3}.Debug|Any CPU.ActiveCfg = Debug|Any CPU
		{D6BFFC97-4B29-403A-A094-60492BE461A3}.Debug|Any CPU.Build.0 = Debug|Any CPU
		{D6BFFC97-4B29-403A-A094-60492BE461A3}.Release|Any CPU.ActiveCfg = Release|Any CPU
		{D6BFFC97-4B29-403A-A094-60492BE461A3}.Release|Any CPU.Build.0 = Release|Any CPU
		{C884EF15-8388-423E-89F7-F606966FF476}.Debug|Any CPU.ActiveCfg = Debug|Any CPU
		{C884EF15-8388-423E-89F7-F606966FF476}.Debug|Any CPU.Build.0 = Debug|Any CPU
		{C884EF15-8388-423E-89F7-F606966FF476}.Release|Any CPU.ActiveCfg = Release|Any CPU
		{C884EF15-8388-423E-89F7-F606966FF476}.Release|Any CPU.Build.0 = Release|Any CPU
		{820B16B3-5ED1-4C53-AB93-478985907293}.Debug|Any CPU.ActiveCfg = Debug|Any CPU
		{820B16B3-5ED1-4C53-AB93-478985907293}.Debug|Any CPU.Build.0 = Debug|Any CPU
		{820B16B3-5ED1-4C53-AB93-478985907293}.Release|Any CPU.ActiveCfg = Release|Any CPU
		{820B16B3-5ED1-4C53-AB93-478985907293}.Release|Any CPU.Build.0 = Release|Any CPU
		{AD7EFD10-396E-428A-AA0F-A9EAB32DD919}.Debug|Any CPU.ActiveCfg = Debug|Any CPU
		{AD7EFD10-396E-428A-AA0F-A9EAB32DD919}.Debug|Any CPU.Build.0 = Debug|Any CPU
		{AD7EFD10-396E-428A-AA0F-A9EAB32DD919}.Release|Any CPU.ActiveCfg = Release|Any CPU
		{AD7EFD10-396E-428A-AA0F-A9EAB32DD919}.Release|Any CPU.Build.0 = Release|Any CPU
		{E41F84AD-57C3-4E23-A250-E1FD9C47C3E3}.Debug|Any CPU.ActiveCfg = Debug|Any CPU
		{E41F84AD-57C3-4E23-A250-E1FD9C47C3E3}.Debug|Any CPU.Build.0 = Debug|Any CPU
		{E41F84AD-57C3-4E23-A250-E1FD9C47C3E3}.Release|Any CPU.ActiveCfg = Release|Any CPU
		{E41F84AD-57C3-4E23-A250-E1FD9C47C3E3}.Release|Any CPU.Build.0 = Release|Any CPU
		{CD230CF6-A7A0-4BC5-A421-409A2FDC167C}.Debug|Any CPU.ActiveCfg = Debug|Any CPU
		{CD230CF6-A7A0-4BC5-A421-409A2FDC167C}.Debug|Any CPU.Build.0 = Debug|Any CPU
		{CD230CF6-A7A0-4BC5-A421-409A2FDC167C}.Release|Any CPU.ActiveCfg = Release|Any CPU
		{CD230CF6-A7A0-4BC5-A421-409A2FDC167C}.Release|Any CPU.Build.0 = Release|Any CPU
	EndGlobalSection
	GlobalSection(SolutionProperties) = preSolution
		HideSolutionNode = FALSE
	EndGlobalSection
EndGlobal
