
Microsoft Visual Studio Solution File, Format Version 12.00
# Visual Studio Version 17
VisualStudioVersion = 17.12.35514.174
MinimumVisualStudioVersion = 10.0.40219.1
Project("{FAE04EC0-301F-11D3-BF4B-00C04F79EFBC}") = "AISD_Projekt1", "AlgorytmyIStrukturyDanych\AISD_Projekt1.csproj", "{0EF9E195-3270-47C9-9E4D-5AF1388C86C7}"
EndProject
Project("{FAE04EC0-301F-11D3-BF4B-00C04F79EFBC}") = "AISD_Projekt2", "AISD_Projekt2\AISD_Projekt2.csproj", "{63A3402B-C19D-459B-9463-E5EF959B7905}"
EndProject
Project("{FAE04EC0-301F-11D3-BF4B-00C04F79EFBC}") = "AISD_Projekt3", "AISD_Projekt3\AISD_Projekt3.csproj", "{F5928F63-5676-4E58-9AAF-0021B6CBB5DD}"
EndProject
Project("{FAE04EC0-301F-11D3-BF4B-00C04F79EFBC}") = "Dijkstra", "Dijkstra\Dijkstra.csproj", "{150521B7-1923-4E4E-9123-48716E35C8AA}"
EndProject
Global
	GlobalSection(SolutionConfigurationPlatforms) = preSolution
		Debug|Any CPU = Debug|Any CPU
		Release|Any CPU = Release|Any CPU
	EndGlobalSection
	GlobalSection(ProjectConfigurationPlatforms) = postSolution
		{0EF9E195-3270-47C9-9E4D-5AF1388C86C7}.Debug|Any CPU.ActiveCfg = Debug|Any CPU
		{0EF9E195-3270-47C9-9E4D-5AF1388C86C7}.Debug|Any CPU.Build.0 = Debug|Any CPU
		{0EF9E195-3270-47C9-9E4D-5AF1388C86C7}.Release|Any CPU.ActiveCfg = Release|Any CPU
		{0EF9E195-3270-47C9-9E4D-5AF1388C86C7}.Release|Any CPU.Build.0 = Release|Any CPU
		{63A3402B-C19D-459B-9463-E5EF959B7905}.Debug|Any CPU.ActiveCfg = Debug|Any CPU
		{63A3402B-C19D-459B-9463-E5EF959B7905}.Debug|Any CPU.Build.0 = Debug|Any CPU
		{63A3402B-C19D-459B-9463-E5EF959B7905}.Release|Any CPU.ActiveCfg = Release|Any CPU
		{63A3402B-C19D-459B-9463-E5EF959B7905}.Release|Any CPU.Build.0 = Release|Any CPU
		{F5928F63-5676-4E58-9AAF-0021B6CBB5DD}.Debug|Any CPU.ActiveCfg = Debug|Any CPU
		{F5928F63-5676-4E58-9AAF-0021B6CBB5DD}.Debug|Any CPU.Build.0 = Debug|Any CPU
		{F5928F63-5676-4E58-9AAF-0021B6CBB5DD}.Release|Any CPU.ActiveCfg = Release|Any CPU
		{F5928F63-5676-4E58-9AAF-0021B6CBB5DD}.Release|Any CPU.Build.0 = Release|Any CPU
		{150521B7-1923-4E4E-9123-48716E35C8AA}.Debug|Any CPU.ActiveCfg = Debug|Any CPU
		{150521B7-1923-4E4E-9123-48716E35C8AA}.Debug|Any CPU.Build.0 = Debug|Any CPU
		{150521B7-1923-4E4E-9123-48716E35C8AA}.Release|Any CPU.ActiveCfg = Release|Any CPU
		{150521B7-1923-4E4E-9123-48716E35C8AA}.Release|Any CPU.Build.0 = Release|Any CPU
	EndGlobalSection
	GlobalSection(SolutionProperties) = preSolution
		HideSolutionNode = FALSE
	EndGlobalSection
EndGlobal
